
Microsoft Visual Studio Solution File, Format Version 12.00
# Visual Studio 15
VisualStudioVersion = 15.0.28010.2050
MinimumVisualStudioVersion = 10.0.40219.1
Project("{FAE04EC0-301F-11D3-BF4B-00C04F79EFBC}") = "ProjetPress", "ProjetPress\ProjetPress.csproj", "{ACB8F918-E65D-4D0A-9E5D-C281B8B4FCDC}"
EndProject
Global
	GlobalSection(SolutionConfigurationPlatforms) = preSolution
		Debug|Any CPU = Debug|Any CPU
		Release|Any CPU = Release|Any CPU
	EndGlobalSection
	GlobalSection(ProjectConfigurationPlatforms) = postSolution
		{ACB8F918-E65D-4D0A-9E5D-C281B8B4FCDC}.Debug|Any CPU.ActiveCfg = Debug|Any CPU
		{ACB8F918-E65D-4D0A-9E5D-C281B8B4FCDC}.Debug|Any CPU.Build.0 = Debug|Any CPU
		{ACB8F918-E65D-4D0A-9E5D-C281B8B4FCDC}.Release|Any CPU.ActiveCfg = Release|Any CPU
		{ACB8F918-E65D-4D0A-9E5D-C281B8B4FCDC}.Release|Any CPU.Build.0 = Release|Any CPU
	EndGlobalSection
	GlobalSection(SolutionProperties) = preSolution
		HideSolutionNode = FALSE
	EndGlobalSection
	GlobalSection(ExtensibilityGlobals) = postSolution
		SolutionGuid = {C821DE24-E07C-4B87-BBF4-28C7BE692531}
	EndGlobalSection
EndGlobal
